
Microsoft Visual Studio Solution File, Format Version 12.00
# Visual Studio Version 17
VisualStudioVersion = 17.0.32126.317
MinimumVisualStudioVersion = 10.0.40219.1
Project("{FAE04EC0-301F-11D3-BF4B-00C04F79EFBC}") = "YYX.BuildEventsDemo", "YYX.BuildEventsDemo\YYX.BuildEventsDemo.csproj", "{C1FC1E8E-762B-42D3-9005-2626FB73FE87}"
EndProject
Global
	GlobalSection(SolutionConfigurationPlatforms) = preSolution
		Debug|Any CPU = Debug|Any CPU
		Release|Any CPU = Release|Any CPU
	EndGlobalSection
	GlobalSection(ProjectConfigurationPlatforms) = postSolution
		{C1FC1E8E-762B-42D3-9005-2626FB73FE87}.Debug|Any CPU.ActiveCfg = Debug|Any CPU
		{C1FC1E8E-762B-42D3-9005-2626FB73FE87}.Debug|Any CPU.Build.0 = Debug|Any CPU
		{C1FC1E8E-762B-42D3-9005-2626FB73FE87}.Release|Any CPU.ActiveCfg = Release|Any CPU
		{C1FC1E8E-762B-42D3-9005-2626FB73FE87}.Release|Any CPU.Build.0 = Release|Any CPU
	EndGlobalSection
	GlobalSection(SolutionProperties) = preSolution
		HideSolutionNode = FALSE
	EndGlobalSection
	GlobalSection(ExtensibilityGlobals) = postSolution
		SolutionGuid = {8662D261-7AEE-4AE9-B269-EB690CAAE9B0}
	EndGlobalSection
EndGlobal
